{
  "nodes": {
    "docker-tools": {
      "locked": {
        "lastModified": 1642332205,
        "narHash": "sha256-5S7Gh9lRLfGgUlPiuCnvIYXvun1TNz335Z/rOLvSmb4=",
        "owner": "ZentriaMC",
        "repo": "docker-tools",
        "rev": "24aa170088c8d42446693de6d124e95bb890b3fe",
        "type": "github"
      },
      "original": {
        "owner": "ZentriaMC",
        "repo": "docker-tools",
        "type": "github"
      }
    },
    "flake-utils": {
      "locked": {
        "lastModified": 1642700792,
        "narHash": "sha256-XqHrk7hFb+zBvRg6Ghl+AZDq03ov6OshJLiSWOoX5es=",
        "owner": "numtide",
        "repo": "flake-utils",
        "rev": "846b2ae0fc4cc943637d3d1def4454213e203cba",
        "type": "github"
      },
      "original": {
        "owner": "numtide",
        "repo": "flake-utils",
        "type": "github"
      }
    },
    "nixpkgs": {
      "locked": {
        "lastModified": 1642970779,
        "narHash": "sha256-wccCiIecPkPE6wpidSRe9XEdJ6uCrNLmRtuhNwt1Kuk=",
        "owner": "NixOS",
        "repo": "nixpkgs",
        "rev": "a3d847c3bd3a3b75b3057d7b3730d3308dd8fd59",
        "type": "github"
      },
      "original": {
        "owner": "NixOS",
        "ref": "nixpkgs-unstable",
        "repo": "nixpkgs",
        "type": "github"
      }
    },
    "root": {
      "inputs": {
        "docker-tools": "docker-tools",
        "flake-utils": "flake-utils",
        "nixpkgs": "nixpkgs"
      }
    }
  },
  "root": "root",
  "version": 7
}
