{
  "nodes": {
    "docker-tools": {
      "inputs": {
        "nixpkgs": [
          "nixpkgs"
        ]
      },
      "locked": {
        "lastModified": 1644953486,
        "narHash": "sha256-sXMeN/VGcpn6cGw+CRQzDX226v3wpwXGgD9WFh44yXI=",
        "owner": "ZentriaMC",
        "repo": "docker-tools",
        "rev": "158e8a76cae65a7f843a4623a73e9d95564859de",
        "type": "github"
      },
      "original": {
        "owner": "ZentriaMC",
        "repo": "docker-tools",
        "type": "github"
      }
    },
    "flake-utils": {
      "locked": {
        "lastModified": 1644229661,
        "narHash": "sha256-1YdnJAsNy69bpcjuoKdOYQX0YxZBiCYZo4Twxerqv7k=",
        "owner": "numtide",
        "repo": "flake-utils",
        "rev": "3cecb5b042f7f209c56ffd8371b2711a290ec797",
        "type": "github"
      },
      "original": {
        "owner": "numtide",
        "repo": "flake-utils",
        "type": "github"
      }
    },
    "nixpkgs": {
      "locked": {
        "lastModified": 1644453163,
        "narHash": "sha256-VPlXtIsShceYHUspnJSvuvucrX1OWVFmrqiofn69yCM=",
        "owner": "NixOS",
        "repo": "nixpkgs",
        "rev": "7e003d7fb9eff8ecb84405360c75c716cdd1f79f",
        "type": "github"
      },
      "original": {
        "owner": "NixOS",
        "ref": "nixpkgs-unstable",
        "repo": "nixpkgs",
        "type": "github"
      }
    },
    "root": {
      "inputs": {
        "docker-tools": "docker-tools",
        "flake-utils": "flake-utils",
        "nixpkgs": "nixpkgs"
      }
    }
  },
  "root": "root",
  "version": 7
}
